
Microsoft Visual Studio Solution File, Format Version 12.00
# Visual Studio 15
VisualStudioVersion = 15.0.27428.2002
MinimumVisualStudioVersion = 10.0.40219.1
Project("{FAE04EC0-301F-11D3-BF4B-00C04F79EFBC}") = "tao_test", "tao_test\tao_test.csproj", "{5B0EA219-A4A4-48BF-8390-9E70CBF61A10}"
EndProject
Global
	GlobalSection(SolutionConfigurationPlatforms) = preSolution
		Debug|Any CPU = Debug|Any CPU
		Release|Any CPU = Release|Any CPU
	EndGlobalSection
	GlobalSection(ProjectConfigurationPlatforms) = postSolution
		{5B0EA219-A4A4-48BF-8390-9E70CBF61A10}.Debug|Any CPU.ActiveCfg = Debug|Any CPU
		{5B0EA219-A4A4-48BF-8390-9E70CBF61A10}.Debug|Any CPU.Build.0 = Debug|Any CPU
		{5B0EA219-A4A4-48BF-8390-9E70CBF61A10}.Release|Any CPU.ActiveCfg = Release|Any CPU
		{5B0EA219-A4A4-48BF-8390-9E70CBF61A10}.Release|Any CPU.Build.0 = Release|Any CPU
	EndGlobalSection
	GlobalSection(SolutionProperties) = preSolution
		HideSolutionNode = FALSE
	EndGlobalSection
	GlobalSection(ExtensibilityGlobals) = postSolution
		SolutionGuid = {A4563EC8-DC54-4C3B-96FD-54C7C3CFA642}
	EndGlobalSection
EndGlobal
